{
    "name": "orcoos-ts-examples",
    "version": "0.0.1",
    "lockfileVersion": 3,
    "requires": true,
    "packages": {
        "": {
            "name": "orcoos-ts-examples",
            "version": "0.0.1",
            "license": "MIT License",
            "dependencies": {
                "oracle-nosqldb": "latest",
                "package.json": "^2.0.1"
            },
            "devDependencies": {
                "@types/node": "^12.12.6",
                "tsx": "^3.12.7",
                "typescript": "^5.0.4"
            },
            "engines": {
                "node": ">=18.0.0"
            }
        },
        "../..": {
            "name": "ondbmongoose",
            "version": "0.0.1",
            "extraneous": true,
            "license": "UPL-1.0",
            "dependencies": {
                "bson": "^6.8.0",
                "kareem": "^2.6.3",
                "lru-cache": "^11.0.0",
                "mpath": "^0.9.0",
                "mquery": "^5.0.0",
                "oracle-nosqldb": "^5.5.2",
                "sift": "^17.1.3"
            },
            "devDependencies": {
                "@types/chai": "^4.3.16",
                "@types/chai-as-promised": "^7.1.8",
                "@types/lru-cache": "^7.10.10",
                "@types/mocha": "^10.0.7",
                "@types/node": "^20.14.12",
                "@types/sinon": "^10.0.20",
                "chai": "^4.5.0",
                "chai-as-promised": "^7.1.2",
                "mocha": "^10.7.0",
                "nodemon": "^3.1.4",
                "nyc": "^15.1.0",
                "sinon": "^16.1.3",
                "ts-mocha": "^10.0.0",
                "ts-node": "^10.9.2",
                "typedoc": "^0.25.13",
                "typescript": "^5.4.5"
            }
        },
        "node_modules/@esbuild/darwin-arm64": {
            "version": "0.18.20",
            "cpu": [
                "arm64"
            ],
            "dev": true,
            "license": "MIT",
            "optional": true,
            "os": [
                "darwin"
            ],
            "engines": {
                "node": ">=12"
            }
        },
        "node_modules/@types/node": {
            "version": "12.20.55",
            "dev": true,
            "license": "MIT"
        },
        "node_modules/abs": {
            "version": "1.3.14",
            "license": "MIT",
            "dependencies": {
                "ul": "^5.0.0"
            }
        },
        "node_modules/buffer-from": {
            "version": "1.1.2",
            "dev": true,
            "license": "MIT"
        },
        "node_modules/capture-stack-trace": {
            "version": "1.0.2",
            "license": "MIT",
            "engines": {
                "node": ">=0.10.0"
            },
            "funding": {
                "url": "https://github.com/sponsors/sindresorhus"
            }
        },
        "node_modules/core-util-is": {
            "version": "1.0.3",
            "license": "MIT"
        },
        "node_modules/create-error-class": {
            "version": "3.0.2",
            "license": "MIT",
            "dependencies": {
                "capture-stack-trace": "^1.0.0"
            },
            "engines": {
                "node": ">=0.10.0"
            }
        },
        "node_modules/deep-extend": {
            "version": "0.6.0",
            "license": "MIT",
            "engines": {
                "node": ">=4.0.0"
            }
        },
        "node_modules/deffy": {
            "version": "2.2.4",
            "license": "MIT",
            "dependencies": {
                "typpy": "^2.0.0"
            }
        },
        "node_modules/duplexer2": {
            "version": "0.1.4",
            "license": "BSD-3-Clause",
            "dependencies": {
                "readable-stream": "^2.0.2"
            }
        },
        "node_modules/err": {
            "version": "1.1.1",
            "license": "MIT",
            "dependencies": {
                "typpy": "^2.2.0"
            }
        },
        "node_modules/error-ex": {
            "version": "1.3.2",
            "license": "MIT",
            "dependencies": {
                "is-arrayish": "^0.2.1"
            }
        },
        "node_modules/esbuild": {
            "version": "0.18.20",
            "dev": true,
            "hasInstallScript": true,
            "license": "MIT",
            "bin": {
                "esbuild": "bin/esbuild"
            },
            "engines": {
                "node": ">=12"
            },
            "optionalDependencies": {
                "@esbuild/android-arm": "0.18.20",
                "@esbuild/android-arm64": "0.18.20",
                "@esbuild/android-x64": "0.18.20",
                "@esbuild/darwin-arm64": "0.18.20",
                "@esbuild/darwin-x64": "0.18.20",
                "@esbuild/freebsd-arm64": "0.18.20",
                "@esbuild/freebsd-x64": "0.18.20",
                "@esbuild/linux-arm": "0.18.20",
                "@esbuild/linux-arm64": "0.18.20",
                "@esbuild/linux-ia32": "0.18.20",
                "@esbuild/linux-loong64": "0.18.20",
                "@esbuild/linux-mips64el": "0.18.20",
                "@esbuild/linux-ppc64": "0.18.20",
                "@esbuild/linux-riscv64": "0.18.20",
                "@esbuild/linux-s390x": "0.18.20",
                "@esbuild/linux-x64": "0.18.20",
                "@esbuild/netbsd-x64": "0.18.20",
                "@esbuild/openbsd-x64": "0.18.20",
                "@esbuild/sunos-x64": "0.18.20",
                "@esbuild/win32-arm64": "0.18.20",
                "@esbuild/win32-ia32": "0.18.20",
                "@esbuild/win32-x64": "0.18.20"
            }
        },
        "node_modules/exec-limiter": {
            "version": "3.2.13",
            "license": "MIT",
            "dependencies": {
                "limit-it": "^3.0.0",
                "typpy": "^2.1.0"
            }
        },
        "node_modules/fsevents": {
            "version": "2.3.3",
            "dev": true,
            "license": "MIT",
            "optional": true,
            "os": [
                "darwin"
            ],
            "engines": {
                "node": "^8.16.0 || ^10.6.0 || >=11.0.0"
            }
        },
        "node_modules/function-bind": {
            "version": "1.1.2",
            "license": "MIT",
            "funding": {
                "url": "https://github.com/sponsors/ljharb"
            }
        },
        "node_modules/function.name": {
            "version": "1.0.13",
            "license": "MIT",
            "dependencies": {
                "noop6": "^1.0.1"
            }
        },
        "node_modules/get-tsconfig": {
            "version": "4.7.2",
            "dev": true,
            "license": "MIT",
            "dependencies": {
                "resolve-pkg-maps": "^1.0.0"
            },
            "funding": {
                "url": "https://github.com/privatenumber/get-tsconfig?sponsor=1"
            }
        },
        "node_modules/git-package-json": {
            "version": "1.4.10",
            "license": "MIT",
            "dependencies": {
                "deffy": "^2.2.1",
                "err": "^1.1.1",
                "gry": "^5.0.0",
                "normalize-package-data": "^2.3.5",
                "oargv": "^3.4.1",
                "one-by-one": "^3.1.0",
                "r-json": "^1.2.1",
                "r-package-json": "^1.0.0",
                "tmp": "0.0.28"
            }
        },
        "node_modules/git-source": {
            "version": "1.1.10",
            "license": "MIT",
            "dependencies": {
                "git-url-parse": "^5.0.1"
            }
        },
        "node_modules/git-up": {
            "version": "1.2.1",
            "license": "MIT",
            "dependencies": {
                "is-ssh": "^1.0.0",
                "parse-url": "^1.0.0"
            }
        },
        "node_modules/git-url-parse": {
            "version": "5.0.1",
            "license": "MIT",
            "dependencies": {
                "git-up": "^1.0.0"
            }
        },
        "node_modules/got": {
            "version": "5.6.0",
            "license": "MIT",
            "dependencies": {
                "create-error-class": "^3.0.1",
                "duplexer2": "^0.1.4",
                "is-plain-obj": "^1.0.0",
                "is-redirect": "^1.0.0",
                "is-retry-allowed": "^1.0.0",
                "is-stream": "^1.0.0",
                "lowercase-keys": "^1.0.0",
                "node-status-codes": "^1.0.0",
                "object-assign": "^4.0.1",
                "parse-json": "^2.1.0",
                "pinkie-promise": "^2.0.0",
                "read-all-stream": "^3.0.0",
                "readable-stream": "^2.0.5",
                "timed-out": "^2.0.0",
                "unzip-response": "^1.0.0",
                "url-parse-lax": "^1.0.0"
            },
            "engines": {
                "node": ">=0.10.0"
            }
        },
        "node_modules/gry": {
            "version": "5.0.8",
            "license": "MIT",
            "dependencies": {
                "abs": "^1.2.1",
                "exec-limiter": "^3.0.0",
                "one-by-one": "^3.0.0",
                "ul": "^5.0.0"
            }
        },
        "node_modules/hasown": {
            "version": "2.0.0",
            "license": "MIT",
            "dependencies": {
                "function-bind": "^1.1.2"
            },
            "engines": {
                "node": ">= 0.4"
            }
        },
        "node_modules/hosted-git-info": {
            "version": "2.8.9",
            "license": "ISC"
        },
        "node_modules/inherits": {
            "version": "2.0.4",
            "license": "ISC"
        },
        "node_modules/ini": {
            "version": "1.3.8",
            "license": "ISC"
        },
        "node_modules/is-arrayish": {
            "version": "0.2.1",
            "license": "MIT"
        },
        "node_modules/is-core-module": {
            "version": "2.13.1",
            "license": "MIT",
            "dependencies": {
                "hasown": "^2.0.0"
            },
            "funding": {
                "url": "https://github.com/sponsors/ljharb"
            }
        },
        "node_modules/is-plain-obj": {
            "version": "1.1.0",
            "license": "MIT",
            "engines": {
                "node": ">=0.10.0"
            }
        },
        "node_modules/is-redirect": {
            "version": "1.0.0",
            "license": "MIT",
            "engines": {
                "node": ">=0.10.0"
            }
        },
        "node_modules/is-retry-allowed": {
            "version": "1.2.0",
            "license": "MIT",
            "engines": {
                "node": ">=0.10.0"
            }
        },
        "node_modules/is-ssh": {
            "version": "1.4.0",
            "license": "MIT",
            "dependencies": {
                "protocols": "^2.0.1"
            }
        },
        "node_modules/is-stream": {
            "version": "1.1.0",
            "license": "MIT",
            "engines": {
                "node": ">=0.10.0"
            }
        },
        "node_modules/isarray": {
            "version": "1.0.0",
            "license": "MIT"
        },
        "node_modules/iterate-object": {
            "version": "1.3.4",
            "license": "MIT"
        },
        "node_modules/limit-it": {
            "version": "3.2.10",
            "license": "MIT",
            "dependencies": {
                "typpy": "^2.0.0"
            }
        },
        "node_modules/lowercase-keys": {
            "version": "1.0.1",
            "license": "MIT",
            "engines": {
                "node": ">=0.10.0"
            }
        },
        "node_modules/minimist": {
            "version": "1.2.8",
            "license": "MIT",
            "funding": {
                "url": "https://github.com/sponsors/ljharb"
            }
        },
        "node_modules/node-status-codes": {
            "version": "1.0.0",
            "license": "MIT",
            "engines": {
                "node": ">=0.10.0"
            }
        },
        "node_modules/noop6": {
            "version": "1.0.9",
            "license": "MIT"
        },
        "node_modules/normalize-package-data": {
            "version": "2.5.0",
            "license": "BSD-2-Clause",
            "dependencies": {
                "hosted-git-info": "^2.1.4",
                "resolve": "^1.10.0",
                "semver": "2 || 3 || 4 || 5",
                "validate-npm-package-license": "^3.0.1"
            }
        },
        "node_modules/oargv": {
            "version": "3.4.10",
            "license": "MIT",
            "dependencies": {
                "iterate-object": "^1.1.0",
                "ul": "^5.0.0"
            }
        },
        "node_modules/obj-def": {
            "version": "1.0.9",
            "license": "MIT",
            "dependencies": {
                "deffy": "^2.2.2"
            }
        },
        "node_modules/object-assign": {
            "version": "4.1.1",
            "license": "MIT",
            "engines": {
                "node": ">=0.10.0"
            }
        },
        "node_modules/one-by-one": {
            "version": "3.2.8",
            "license": "MIT",
            "dependencies": {
                "obj-def": "^1.0.0",
                "sliced": "^1.0.1"
            }
        },
        "node_modules/oracle-nosqldb": {
            "version": "5.5.2",
            "resolved": "https://registry.npmjs.org/oracle-nosqldb/-/oracle-nosqldb-5.5.2.tgz",
            "integrity": "sha512-0asYiLwgmBlYie9I4xW9v3/6XtbIJwaaYLr4t3CTlfsOMjYLtcAF5mZXjM51AuQkvHG1HkXXW30cOY4rmFO6bQ==",
            "license": "UPL-1.0",
            "engines": {
                "node": ">=12.0.0"
            }
        },
        "node_modules/os-tmpdir": {
            "version": "1.0.2",
            "license": "MIT",
            "engines": {
                "node": ">=0.10.0"
            }
        },
        "node_modules/package-json": {
            "version": "2.4.0",
            "license": "MIT",
            "dependencies": {
                "got": "^5.0.0",
                "registry-auth-token": "^3.0.1",
                "registry-url": "^3.0.3",
                "semver": "^5.1.0"
            },
            "engines": {
                "node": ">=0.10.0"
            }
        },
        "node_modules/package-json-path": {
            "version": "1.0.9",
            "license": "MIT",
            "dependencies": {
                "abs": "^1.2.1"
            }
        },
        "node_modules/package.json": {
            "version": "2.0.1",
            "license": "MIT",
            "dependencies": {
                "git-package-json": "^1.4.0",
                "git-source": "^1.1.0",
                "package-json": "^2.3.1"
            }
        },
        "node_modules/parse-json": {
            "version": "2.2.0",
            "license": "MIT",
            "dependencies": {
                "error-ex": "^1.2.0"
            },
            "engines": {
                "node": ">=0.10.0"
            }
        },
        "node_modules/parse-url": {
            "version": "1.3.11",
            "license": "MIT",
            "dependencies": {
                "is-ssh": "^1.3.0",
                "protocols": "^1.4.0"
            }
        },
        "node_modules/parse-url/node_modules/protocols": {
            "version": "1.4.8",
            "license": "MIT"
        },
        "node_modules/path-parse": {
            "version": "1.0.7",
            "license": "MIT"
        },
        "node_modules/pinkie": {
            "version": "2.0.4",
            "license": "MIT",
            "engines": {
                "node": ">=0.10.0"
            }
        },
        "node_modules/pinkie-promise": {
            "version": "2.0.1",
            "license": "MIT",
            "dependencies": {
                "pinkie": "^2.0.0"
            },
            "engines": {
                "node": ">=0.10.0"
            }
        },
        "node_modules/prepend-http": {
            "version": "1.0.4",
            "license": "MIT",
            "engines": {
                "node": ">=0.10.0"
            }
        },
        "node_modules/process-nextick-args": {
            "version": "2.0.1",
            "license": "MIT"
        },
        "node_modules/protocols": {
            "version": "2.0.1",
            "license": "MIT"
        },
        "node_modules/r-json": {
            "version": "1.3.0",
            "license": "MIT",
            "dependencies": {
                "w-json": "1.3.10"
            }
        },
        "node_modules/r-package-json": {
            "version": "1.0.9",
            "license": "MIT",
            "dependencies": {
                "package-json-path": "^1.0.0",
                "r-json": "^1.2.1"
            }
        },
        "node_modules/rc": {
            "version": "1.2.8",
            "license": "(BSD-2-Clause OR MIT OR Apache-2.0)",
            "dependencies": {
                "deep-extend": "^0.6.0",
                "ini": "~1.3.0",
                "minimist": "^1.2.0",
                "strip-json-comments": "~2.0.1"
            },
            "bin": {
                "rc": "cli.js"
            }
        },
        "node_modules/read-all-stream": {
            "version": "3.1.0",
            "license": "MIT",
            "dependencies": {
                "pinkie-promise": "^2.0.0",
                "readable-stream": "^2.0.0"
            },
            "engines": {
                "node": ">=0.10.0"
            }
        },
        "node_modules/readable-stream": {
            "version": "2.3.8",
            "license": "MIT",
            "dependencies": {
                "core-util-is": "~1.0.0",
                "inherits": "~2.0.3",
                "isarray": "~1.0.0",
                "process-nextick-args": "~2.0.0",
                "safe-buffer": "~5.1.1",
                "string_decoder": "~1.1.1",
                "util-deprecate": "~1.0.1"
            }
        },
        "node_modules/registry-auth-token": {
            "version": "3.4.0",
            "license": "MIT",
            "dependencies": {
                "rc": "^1.1.6",
                "safe-buffer": "^5.0.1"
            }
        },
        "node_modules/registry-url": {
            "version": "3.1.0",
            "license": "MIT",
            "dependencies": {
                "rc": "^1.0.1"
            },
            "engines": {
                "node": ">=0.10.0"
            }
        },
        "node_modules/resolve": {
            "version": "1.22.8",
            "license": "MIT",
            "dependencies": {
                "is-core-module": "^2.13.0",
                "path-parse": "^1.0.7",
                "supports-preserve-symlinks-flag": "^1.0.0"
            },
            "bin": {
                "resolve": "bin/resolve"
            },
            "funding": {
                "url": "https://github.com/sponsors/ljharb"
            }
        },
        "node_modules/resolve-pkg-maps": {
            "version": "1.0.0",
            "dev": true,
            "license": "MIT",
            "funding": {
                "url": "https://github.com/privatenumber/resolve-pkg-maps?sponsor=1"
            }
        },
        "node_modules/safe-buffer": {
            "version": "5.1.2",
            "license": "MIT"
        },
        "node_modules/semver": {
            "version": "5.7.2",
            "license": "ISC",
            "bin": {
                "semver": "bin/semver"
            }
        },
        "node_modules/sliced": {
            "version": "1.0.1",
            "license": "MIT"
        },
        "node_modules/source-map": {
            "version": "0.6.1",
            "dev": true,
            "license": "BSD-3-Clause",
            "engines": {
                "node": ">=0.10.0"
            }
        },
        "node_modules/source-map-support": {
            "version": "0.5.21",
            "dev": true,
            "license": "MIT",
            "dependencies": {
                "buffer-from": "^1.0.0",
                "source-map": "^0.6.0"
            }
        },
        "node_modules/spdx-correct": {
            "version": "3.2.0",
            "license": "Apache-2.0",
            "dependencies": {
                "spdx-expression-parse": "^3.0.0",
                "spdx-license-ids": "^3.0.0"
            }
        },
        "node_modules/spdx-exceptions": {
            "version": "2.3.0",
            "license": "CC-BY-3.0"
        },
        "node_modules/spdx-expression-parse": {
            "version": "3.0.1",
            "license": "MIT",
            "dependencies": {
                "spdx-exceptions": "^2.1.0",
                "spdx-license-ids": "^3.0.0"
            }
        },
        "node_modules/spdx-license-ids": {
            "version": "3.0.16",
            "license": "CC0-1.0"
        },
        "node_modules/string_decoder": {
            "version": "1.1.1",
            "license": "MIT",
            "dependencies": {
                "safe-buffer": "~5.1.0"
            }
        },
        "node_modules/strip-json-comments": {
            "version": "2.0.1",
            "license": "MIT",
            "engines": {
                "node": ">=0.10.0"
            }
        },
        "node_modules/supports-preserve-symlinks-flag": {
            "version": "1.0.0",
            "license": "MIT",
            "engines": {
                "node": ">= 0.4"
            },
            "funding": {
                "url": "https://github.com/sponsors/ljharb"
            }
        },
        "node_modules/timed-out": {
            "version": "2.0.0",
            "license": "MIT",
            "engines": {
                "node": ">=0.10.0"
            }
        },
        "node_modules/tmp": {
            "version": "0.0.28",
            "license": "MIT",
            "dependencies": {
                "os-tmpdir": "~1.0.1"
            },
            "engines": {
                "node": ">=0.4.0"
            }
        },
        "node_modules/tsx": {
            "version": "3.14.0",
            "dev": true,
            "license": "MIT",
            "dependencies": {
                "esbuild": "~0.18.20",
                "get-tsconfig": "^4.7.2",
                "source-map-support": "^0.5.21"
            },
            "bin": {
                "tsx": "dist/cli.mjs"
            },
            "optionalDependencies": {
                "fsevents": "~2.3.3"
            }
        },
        "node_modules/typescript": {
            "version": "5.3.3",
            "dev": true,
            "license": "Apache-2.0",
            "bin": {
                "tsc": "bin/tsc",
                "tsserver": "bin/tsserver"
            },
            "engines": {
                "node": ">=14.17"
            }
        },
        "node_modules/typpy": {
            "version": "2.3.13",
            "license": "MIT",
            "dependencies": {
                "function.name": "^1.0.3"
            }
        },
        "node_modules/ul": {
            "version": "5.2.15",
            "license": "MIT",
            "dependencies": {
                "deffy": "^2.2.2",
                "typpy": "^2.3.4"
            }
        },
        "node_modules/unzip-response": {
            "version": "1.0.2",
            "license": "MIT",
            "engines": {
                "node": ">=0.10"
            }
        },
        "node_modules/url-parse-lax": {
            "version": "1.0.0",
            "license": "MIT",
            "dependencies": {
                "prepend-http": "^1.0.1"
            },
            "engines": {
                "node": ">=0.10.0"
            }
        },
        "node_modules/util-deprecate": {
            "version": "1.0.2",
            "license": "MIT"
        },
        "node_modules/validate-npm-package-license": {
            "version": "3.0.4",
            "license": "Apache-2.0",
            "dependencies": {
                "spdx-correct": "^3.0.0",
                "spdx-expression-parse": "^3.0.0"
            }
        },
        "node_modules/w-json": {
            "version": "1.3.10",
            "license": "MIT"
        }
    }
}
